
Microsoft Visual Studio Solution File, Format Version 12.00
# Visual Studio Version 17
VisualStudioVersion = 17.7.34221.43
MinimumVisualStudioVersion = 10.0.40219.1
Project("{FAE04EC0-301F-11D3-BF4B-00C04F79EFBC}") = "Homework16", "Homework16\Homework16.csproj", "{0A682734-8C2E-47F3-B119-1C55A3C8907E}"
EndProject
Global
	GlobalSection(SolutionConfigurationPlatforms) = preSolution
		Debug|Any CPU = Debug|Any CPU
		Release|Any CPU = Release|Any CPU
	EndGlobalSection
	GlobalSection(ProjectConfigurationPlatforms) = postSolution
		{0A682734-8C2E-47F3-B119-1C55A3C8907E}.Debug|Any CPU.ActiveCfg = Debug|Any CPU
		{0A682734-8C2E-47F3-B119-1C55A3C8907E}.Debug|Any CPU.Build.0 = Debug|Any CPU
		{0A682734-8C2E-47F3-B119-1C55A3C8907E}.Release|Any CPU.ActiveCfg = Release|Any CPU
		{0A682734-8C2E-47F3-B119-1C55A3C8907E}.Release|Any CPU.Build.0 = Release|Any CPU
	EndGlobalSection
	GlobalSection(SolutionProperties) = preSolution
		HideSolutionNode = FALSE
	EndGlobalSection
	GlobalSection(ExtensibilityGlobals) = postSolution
		SolutionGuid = {11F83D2C-B24A-4482-9D19-5429031FA14E}
	EndGlobalSection
EndGlobal
